
Microsoft Visual Studio Solution File, Format Version 12.00
# Visual Studio Version 17
VisualStudioVersion = 17.7.34221.43
MinimumVisualStudioVersion = 10.0.40219.1
Project("{FAE04EC0-301F-11D3-BF4B-00C04F79EFBC}") = "ApppLayerAPI", "ApppLayerAPI\ApppLayerAPI.csproj", "{FC65B21C-3EEE-4288-B8E3-F1CFEEB3116F}"
EndProject
Project("{FAE04EC0-301F-11D3-BF4B-00C04F79EFBC}") = "BLL", "BLL\BLL.csproj", "{F4079DCA-2883-47CB-B9C6-427F9656C0CA}"
EndProject
Project("{FAE04EC0-301F-11D3-BF4B-00C04F79EFBC}") = "DAL", "DAL\DAL.csproj", "{CCCCA2EF-CFDA-4CE2-91BA-6349CB006D7E}"
EndProject
Global
	GlobalSection(SolutionConfigurationPlatforms) = preSolution
		Debug|Any CPU = Debug|Any CPU
		Release|Any CPU = Release|Any CPU
	EndGlobalSection
	GlobalSection(ProjectConfigurationPlatforms) = postSolution
		{FC65B21C-3EEE-4288-B8E3-F1CFEEB3116F}.Debug|Any CPU.ActiveCfg = Debug|Any CPU
		{FC65B21C-3EEE-4288-B8E3-F1CFEEB3116F}.Debug|Any CPU.Build.0 = Debug|Any CPU
		{FC65B21C-3EEE-4288-B8E3-F1CFEEB3116F}.Release|Any CPU.ActiveCfg = Release|Any CPU
		{FC65B21C-3EEE-4288-B8E3-F1CFEEB3116F}.Release|Any CPU.Build.0 = Release|Any CPU
		{F4079DCA-2883-47CB-B9C6-427F9656C0CA}.Debug|Any CPU.ActiveCfg = Debug|Any CPU
		{F4079DCA-2883-47CB-B9C6-427F9656C0CA}.Debug|Any CPU.Build.0 = Debug|Any CPU
		{F4079DCA-2883-47CB-B9C6-427F9656C0CA}.Release|Any CPU.ActiveCfg = Release|Any CPU
		{F4079DCA-2883-47CB-B9C6-427F9656C0CA}.Release|Any CPU.Build.0 = Release|Any CPU
		{CCCCA2EF-CFDA-4CE2-91BA-6349CB006D7E}.Debug|Any CPU.ActiveCfg = Debug|Any CPU
		{CCCCA2EF-CFDA-4CE2-91BA-6349CB006D7E}.Debug|Any CPU.Build.0 = Debug|Any CPU
		{CCCCA2EF-CFDA-4CE2-91BA-6349CB006D7E}.Release|Any CPU.ActiveCfg = Release|Any CPU
		{CCCCA2EF-CFDA-4CE2-91BA-6349CB006D7E}.Release|Any CPU.Build.0 = Release|Any CPU
	EndGlobalSection
	GlobalSection(SolutionProperties) = preSolution
		HideSolutionNode = FALSE
	EndGlobalSection
	GlobalSection(ExtensibilityGlobals) = postSolution
		SolutionGuid = {4241DB43-7143-4631-B02F-7A977721A00B}
	EndGlobalSection
EndGlobal
