
Microsoft Visual Studio Solution File, Format Version 12.00
# Visual Studio Version 17
VisualStudioVersion = 17.7.34221.43
MinimumVisualStudioVersion = 10.0.40219.1
Project("{FAE04EC0-301F-11D3-BF4B-00C04F79EFBC}") = "LayerTask", "LayerTask\LayerTask.csproj", "{F239BEDB-9367-412E-A4DC-0C6C80310AB8}"
EndProject
Project("{FAE04EC0-301F-11D3-BF4B-00C04F79EFBC}") = "BLLL", "BLLL\BLLL.csproj", "{8F1F8A3D-D44A-4F60-836F-B5E531A6972C}"
EndProject
Project("{FAE04EC0-301F-11D3-BF4B-00C04F79EFBC}") = "DAL", "DAL\DAL.csproj", "{C8E92D43-D571-4E91-9869-B3911C02AC0E}"
EndProject
Global
	GlobalSection(SolutionConfigurationPlatforms) = preSolution
		Debug|Any CPU = Debug|Any CPU
		Release|Any CPU = Release|Any CPU
	EndGlobalSection
	GlobalSection(ProjectConfigurationPlatforms) = postSolution
		{F239BEDB-9367-412E-A4DC-0C6C80310AB8}.Debug|Any CPU.ActiveCfg = Debug|Any CPU
		{F239BEDB-9367-412E-A4DC-0C6C80310AB8}.Debug|Any CPU.Build.0 = Debug|Any CPU
		{F239BEDB-9367-412E-A4DC-0C6C80310AB8}.Release|Any CPU.ActiveCfg = Release|Any CPU
		{F239BEDB-9367-412E-A4DC-0C6C80310AB8}.Release|Any CPU.Build.0 = Release|Any CPU
		{8F1F8A3D-D44A-4F60-836F-B5E531A6972C}.Debug|Any CPU.ActiveCfg = Debug|Any CPU
		{8F1F8A3D-D44A-4F60-836F-B5E531A6972C}.Debug|Any CPU.Build.0 = Debug|Any CPU
		{8F1F8A3D-D44A-4F60-836F-B5E531A6972C}.Release|Any CPU.ActiveCfg = Release|Any CPU
		{8F1F8A3D-D44A-4F60-836F-B5E531A6972C}.Release|Any CPU.Build.0 = Release|Any CPU
		{C8E92D43-D571-4E91-9869-B3911C02AC0E}.Debug|Any CPU.ActiveCfg = Debug|Any CPU
		{C8E92D43-D571-4E91-9869-B3911C02AC0E}.Debug|Any CPU.Build.0 = Debug|Any CPU
		{C8E92D43-D571-4E91-9869-B3911C02AC0E}.Release|Any CPU.ActiveCfg = Release|Any CPU
		{C8E92D43-D571-4E91-9869-B3911C02AC0E}.Release|Any CPU.Build.0 = Release|Any CPU
	EndGlobalSection
	GlobalSection(SolutionProperties) = preSolution
		HideSolutionNode = FALSE
	EndGlobalSection
	GlobalSection(ExtensibilityGlobals) = postSolution
		SolutionGuid = {7E50C279-D973-4144-901D-63B5A0408306}
	EndGlobalSection
EndGlobal
